Microsoft Visual Studio Solution File, Format Version 12.00
# Visual Studio Version 17
VisualStudioVersion = 17.10.34916.146
MinimumVisualStudioVersion = 10.0.40219.1
Project("{FAE04EC0-301F-11D3-BF4B-00C04F79EFBC}") = "14-part-1", "14-part-1.csproj", "{48209955-56EE-497B-BEA6-C3FA4C202EC7}"
EndProject
Global
	GlobalSection(SolutionConfigurationPlatforms) = preSolution
		Debug|Any CPU = Debug|Any CPU
		Release|Any CPU = Release|Any CPU
	EndGlobalSection
	GlobalSection(ProjectConfigurationPlatforms) = postSolution
		{48209955-56EE-497B-BEA6-C3FA4C202EC7}.Debug|Any CPU.ActiveCfg = Debug|Any CPU
		{48209955-56EE-497B-BEA6-C3FA4C202EC7}.Debug|Any CPU.Build.0 = Debug|Any CPU
		{48209955-56EE-497B-BEA6-C3FA4C202EC7}.Release|Any CPU.ActiveCfg = Release|Any CPU
		{48209955-56EE-497B-BEA6-C3FA4C202EC7}.Release|Any CPU.Build.0 = Release|Any CPU
	EndGlobalSection
	GlobalSection(SolutionProperties) = preSolution
		HideSolutionNode = FALSE
	EndGlobalSection
	GlobalSection(ExtensibilityGlobals) = postSolution
		SolutionGuid = {48209955-56EE-497B-BEA6-C3FA4C202EC7}
	EndGlobalSection
EndGlobal
