Microsoft Visual Studio Solution File, Format Version 12.00
# Visual Studio Version 17
VisualStudioVersion = 17.10.34916.146
MinimumVisualStudioVersion = 10.0.40219.1
Project("{FAE04EC0-301F-11D3-BF4B-00C04F79EFBC}") = "23-part-1", "23-part-1.csproj", "{C13E4B52-90CF-4FD4-835E-7510DFCB336C}"
EndProject
Global
	GlobalSection(SolutionConfigurationPlatforms) = preSolution
		Debug|Any CPU = Debug|Any CPU
		Release|Any CPU = Release|Any CPU
	EndGlobalSection
	GlobalSection(ProjectConfigurationPlatforms) = postSolution
		{C13E4B52-90CF-4FD4-835E-7510DFCB336C}.Debug|Any CPU.ActiveCfg = Debug|Any CPU
		{C13E4B52-90CF-4FD4-835E-7510DFCB336C}.Debug|Any CPU.Build.0 = Debug|Any CPU
		{C13E4B52-90CF-4FD4-835E-7510DFCB336C}.Release|Any CPU.ActiveCfg = Release|Any CPU
		{C13E4B52-90CF-4FD4-835E-7510DFCB336C}.Release|Any CPU.Build.0 = Release|Any CPU
	EndGlobalSection
	GlobalSection(SolutionProperties) = preSolution
		HideSolutionNode = FALSE
	EndGlobalSection
	GlobalSection(ExtensibilityGlobals) = postSolution
		SolutionGuid = {C13E4B52-90CF-4FD4-835E-7510DFCB336C}
	EndGlobalSection
EndGlobal
